
Microsoft Visual Studio Solution File, Format Version 12.00
# Visual Studio 2013
VisualStudioVersion = 12.0.30501.0
MinimumVisualStudioVersion = 10.0.40219.1
Project("{FAE04EC0-301F-11D3-BF4B-00C04F79EFBC}") = "Nba", "Nba\Nba.csproj", "{E9F747B3-8BB5-4847-BEB8-9A45295B6B5D}"
EndProject
Project("{FAE04EC0-301F-11D3-BF4B-00C04F79EFBC}") = "NbaMainWindow", "NbaMainWindow\NbaMainWindow.csproj", "{4F10BB9A-D0F2-4D06-80EC-8384BDEA4A51}"
EndProject
Global
	GlobalSection(SolutionConfigurationPlatforms) = preSolution
		Debug|Any CPU = Debug|Any CPU
		Release|Any CPU = Release|Any CPU
	EndGlobalSection
	GlobalSection(ProjectConfigurationPlatforms) = postSolution
		{E9F747B3-8BB5-4847-BEB8-9A45295B6B5D}.Debug|Any CPU.ActiveCfg = Debug|Any CPU
		{E9F747B3-8BB5-4847-BEB8-9A45295B6B5D}.Debug|Any CPU.Build.0 = Debug|Any CPU
		{E9F747B3-8BB5-4847-BEB8-9A45295B6B5D}.Release|Any CPU.ActiveCfg = Release|Any CPU
		{E9F747B3-8BB5-4847-BEB8-9A45295B6B5D}.Release|Any CPU.Build.0 = Release|Any CPU
		{4F10BB9A-D0F2-4D06-80EC-8384BDEA4A51}.Debug|Any CPU.ActiveCfg = Debug|Any CPU
		{4F10BB9A-D0F2-4D06-80EC-8384BDEA4A51}.Debug|Any CPU.Build.0 = Debug|Any CPU
		{4F10BB9A-D0F2-4D06-80EC-8384BDEA4A51}.Release|Any CPU.ActiveCfg = Release|Any CPU
		{4F10BB9A-D0F2-4D06-80EC-8384BDEA4A51}.Release|Any CPU.Build.0 = Release|Any CPU
	EndGlobalSection
	GlobalSection(SolutionProperties) = preSolution
		HideSolutionNode = FALSE
	EndGlobalSection
EndGlobal
